
Microsoft Visual Studio Solution File, Format Version 12.00
# Visual Studio Version 17
VisualStudioVersion = 17.14.35906.104 d17.14
MinimumVisualStudioVersion = 10.0.40219.1
Project("{FAE04EC0-301F-11D3-BF4B-00C04F79EFBC}") = "QuizLaender2", "QuizLaender2\QuizLaender2.csproj", "{9653927A-C6D4-4015-A16C-0B0CE3E1E2E0}"
EndProject
Global
	GlobalSection(SolutionConfigurationPlatforms) = preSolution
		Debug|Any CPU = Debug|Any CPU
		Release|Any CPU = Release|Any CPU
	EndGlobalSection
	GlobalSection(ProjectConfigurationPlatforms) = postSolution
		{9653927A-C6D4-4015-A16C-0B0CE3E1E2E0}.Debug|Any CPU.ActiveCfg = Debug|Any CPU
		{9653927A-C6D4-4015-A16C-0B0CE3E1E2E0}.Debug|Any CPU.Build.0 = Debug|Any CPU
		{9653927A-C6D4-4015-A16C-0B0CE3E1E2E0}.Release|Any CPU.ActiveCfg = Release|Any CPU
		{9653927A-C6D4-4015-A16C-0B0CE3E1E2E0}.Release|Any CPU.Build.0 = Release|Any CPU
	EndGlobalSection
	GlobalSection(SolutionProperties) = preSolution
		HideSolutionNode = FALSE
	EndGlobalSection
	GlobalSection(ExtensibilityGlobals) = postSolution
		SolutionGuid = {E91B59DA-319C-42A1-890C-F8095B9FC114}
	EndGlobalSection
EndGlobal
